
Microsoft Visual Studio Solution File, Format Version 12.00
# Visual Studio Version 16
VisualStudioVersion = 16.0.30717.126
MinimumVisualStudioVersion = 10.0.40219.1
Project("{FAE04EC0-301F-11D3-BF4B-00C04F79EFBC}") = "KeySwitchTester", "KeySwitchTester\KeySwitchTester.csproj", "{A98CD180-E281-44A0-8ED9-B9983007A507}"
EndProject
Global
	GlobalSection(SolutionConfigurationPlatforms) = preSolution
		Debug|Any CPU = Debug|Any CPU
		Release|Any CPU = Release|Any CPU
	EndGlobalSection
	GlobalSection(ProjectConfigurationPlatforms) = postSolution
		{A98CD180-E281-44A0-8ED9-B9983007A507}.Debug|Any CPU.ActiveCfg = Debug|Any CPU
		{A98CD180-E281-44A0-8ED9-B9983007A507}.Debug|Any CPU.Build.0 = Debug|Any CPU
		{A98CD180-E281-44A0-8ED9-B9983007A507}.Release|Any CPU.ActiveCfg = Release|Any CPU
		{A98CD180-E281-44A0-8ED9-B9983007A507}.Release|Any CPU.Build.0 = Release|Any CPU
	EndGlobalSection
	GlobalSection(SolutionProperties) = preSolution
		HideSolutionNode = FALSE
	EndGlobalSection
	GlobalSection(ExtensibilityGlobals) = postSolution
		SolutionGuid = {9BB0748A-FE17-49FA-9B12-BC46093295FD}
	EndGlobalSection
EndGlobal
